# This file is autogenerated, do not edit; changes may be undone by the next 'dep ensure'.


[[projects]]
  name = "gopkg.in/gographics/imagick.v3"
  packages = [
    "imagick",
    "imagick/types"
  ]
  revision = "e5c95c340c8d9bf140ca670563906805b655d9d9"
  version = "v3.2.0"

[[projects]]
  branch = "v2"
  name = "gopkg.in/yaml.v2"
  packages = ["."]
  revision = "d670f9405373e636a5a2765eea47fac0c9bc91a4"

[solve-meta]
  analyzer-name = "dep"
  analyzer-version = 1
  inputs-digest = "a96a6ad02b6163ce07597794cb4b9d6e97b64974e2c724216a7872110735fe11"
  solver-name = "gps-cdcl"
  solver-version = 1
